
Microsoft Visual Studio Solution File, Format Version 12.00
# Visual Studio Version 17
VisualStudioVersion = 17.5.002.0
MinimumVisualStudioVersion = 10.0.40219.1
Project("{9A19103F-16F7-4668-BE54-9A1E7A4F7556}") = "Locadora", "Locadora.csproj", "{B184899B-8C14-4309-93B5-14E23C295057}"
EndProject
Global
	GlobalSection(SolutionConfigurationPlatforms) = preSolution
		Debug|Any CPU = Debug|Any CPU
		Release|Any CPU = Release|Any CPU
	EndGlobalSection
	GlobalSection(ProjectConfigurationPlatforms) = postSolution
		{B184899B-8C14-4309-93B5-14E23C295057}.Debug|Any CPU.ActiveCfg = Debug|Any CPU
		{B184899B-8C14-4309-93B5-14E23C295057}.Debug|Any CPU.Build.0 = Debug|Any CPU
		{B184899B-8C14-4309-93B5-14E23C295057}.Release|Any CPU.ActiveCfg = Release|Any CPU
		{B184899B-8C14-4309-93B5-14E23C295057}.Release|Any CPU.Build.0 = Release|Any CPU
	EndGlobalSection
	GlobalSection(SolutionProperties) = preSolution
		HideSolutionNode = FALSE
	EndGlobalSection
	GlobalSection(ExtensibilityGlobals) = postSolution
		SolutionGuid = {EFECEEF5-ED35-40BA-B9DB-40D84C6FDCD2}
	EndGlobalSection
EndGlobal
